// !$*UTF8*$!
{
	archiveVersion = 1;
	classes = {
	};
	objectVersion = 56;
	objects = {

/* Begin PBXBuildFile section */
		C00B3F5E2B1F42C4004323F2 /* BasicStudyApp.swift in Sources */ = {isa = PBXBuildFile; fileRef = C00B3F5D2B1F42C4004323F2 /* BasicStudyApp.swift */; };
		C00B3F602B1F42C4004323F2 /* ContentView.swift in Sources */ = {isa = PBXBuildFile; fileRef = C00B3F5F2B1F42C4004323F2 /* ContentView.swift */; };
		C00B3F622B1F42C6004323F2 /* Assets.xcassets in Resources */ = {isa = PBXBuildFile; fileRef = C00B3F612B1F42C6004323F2 /* Assets.xcassets */; };
		C00B3F652B1F42C6004323F2 /* Preview Assets.xcassets in Resources */ = {isa = PBXBuildFile; fileRef = C00B3F642B1F42C6004323F2 /* Preview Assets.xcassets */; };
		C00B3F702B1F42C6004323F2 /* BasicStudyTests.swift in Sources */ = {isa = PBXBuildFile; fileRef = C00B3F6F2B1F42C6004323F2 /* BasicStudyTests.swift */; };
		C00B3F7A2B1F42C6004323F2 /* BasicStudyUITests.swift in Sources */ = {isa = PBXBuildFile; fileRef = C00B3F792B1F42C6004323F2 /* BasicStudyUITests.swift */; };
		C00B3F7C2B1F42C6004323F2 /* BasicStudyUITestsLaunchTests.swift in Sources */ = {isa = PBXBuildFile; fileRef = C00B3F7B2B1F42C6004323F2 /* BasicStudyUITestsLaunchTests.swift */; };
		C03116662B209017006628F1 /* Elevator.swift in Sources */ = {isa = PBXBuildFile; fileRef = C03116652B209017006628F1 /* Elevator.swift */; };
		C0DB1D042B22FEC1001B80CB /* Exception.swift in Sources */ = {isa = PBXBuildFile; fileRef = C0DB1D022B22FEC1001B80CB /* Exception.swift */; };
		C0DB1D052B22FEC1001B80CB /* Sample.swift in Sources */ = {isa = PBXBuildFile; fileRef = C0DB1D032B22FEC1001B80CB /* Sample.swift */; };
/* End PBXBuildFile section */

/* Begin PBXContainerItemProxy section */
		C00B3F6C2B1F42C6004323F2 /* PBXContainerItemProxy */ = {
			isa = PBXContainerItemProxy;
			containerPortal = C00B3F522B1F42C4004323F2 /* Project object */;
			proxyType = 1;
			remoteGlobalIDString = C00B3F592B1F42C4004323F2;
			remoteInfo = BasicStudy;
		};
		C00B3F762B1F42C6004323F2 /* PBXContainerItemProxy */ = {
			isa = PBXContainerItemProxy;
			containerPortal = C00B3F522B1F42C4004323F2 /* Project object */;
			proxyType = 1;
			remoteGlobalIDString = C00B3F592B1F42C4004323F2;
			remoteInfo = BasicStudy;
		};
/* End PBXContainerItemProxy section */

/* Begin PBXFileReference section */
		C00B3F5A2B1F42C4004323F2 /* BasicStudy.app */ = {isa = PBXFileReference; explicitFileType = wrapper.application; includeInIndex = 0; path = BasicStudy.app; sourceTree = BUILT_PRODUCTS_DIR; };
		C00B3F5D2B1F42C4004323F2 /* BasicStudyApp.swift */ = {isa = PBXFileReference; lastKnownFileType = sourcecode.swift; path = BasicStudyApp.swift; sourceTree = "<group>"; };
		C00B3F5F2B1F42C4004323F2 /* ContentView.swift */ = {isa = PBXFileReference; lastKnownFileType = sourcecode.swift; path = ContentView.swift; sourceTree = "<group>"; };
		C00B3F612B1F42C6004323F2 /* Assets.xcassets */ = {isa = PBXFileReference; lastKnownFileType = folder.assetcatalog; path = Assets.xcassets; sourceTree = "<group>"; };
		C00B3F642B1F42C6004323F2 /* Preview Assets.xcassets */ = {isa = PBXFileReference; lastKnownFileType = folder.assetcatalog; path = "Preview Assets.xcassets"; sourceTree = "<group>"; };
		C00B3F662B1F42C6004323F2 /* BasicStudy.entitlements */ = {isa = PBXFileReference; lastKnownFileType = text.plist.entitlements; path = BasicStudy.entitlements; sourceTree = "<group>"; };
		C00B3F6B2B1F42C6004323F2 /* BasicStudyTests.xctest */ = {isa = PBXFileReference; explicitFileType = wrapper.cfbundle; includeInIndex = 0; path = BasicStudyTests.xctest; sourceTree = BUILT_PRODUCTS_DIR; };
		C00B3F6F2B1F42C6004323F2 /* BasicStudyTests.swift */ = {isa = PBXFileReference; lastKnownFileType = sourcecode.swift; path = BasicStudyTests.swift; sourceTree = "<group>"; };
		C00B3F752B1F42C6004323F2 /* BasicStudyUITests.xctest */ = {isa = PBXFileReference; explicitFileType = wrapper.cfbundle; includeInIndex = 0; path = BasicStudyUITests.xctest; sourceTree = BUILT_PRODUCTS_DIR; };
		C00B3F792B1F42C6004323F2 /* BasicStudyUITests.swift */ = {isa = PBXFileReference; lastKnownFileType = sourcecode.swift; path = BasicStudyUITests.swift; sourceTree = "<group>"; };
		C00B3F7B2B1F42C6004323F2 /* BasicStudyUITestsLaunchTests.swift */ = {isa = PBXFileReference; lastKnownFileType = sourcecode.swift; path = BasicStudyUITestsLaunchTests.swift; sourceTree = "<group>"; };
		C03116652B209017006628F1 /* Elevator.swift */ = {isa = PBXFileReference; lastKnownFileType = sourcecode.swift; path = Elevator.swift; sourceTree = "<group>"; };
		C0DB1D022B22FEC1001B80CB /* Exception.swift */ = {isa = PBXFileReference; fileEncoding = 4; lastKnownFileType = sourcecode.swift; path = Exception.swift; sourceTree = "<group>"; };
		C0DB1D032B22FEC1001B80CB /* Sample.swift */ = {isa = PBXFileReference; fileEncoding = 4; lastKnownFileType = sourcecode.swift; path = Sample.swift; sourceTree = "<group>"; };
/* End PBXFileReference section */

/* Begin PBXFrameworksBuildPhase section */
		C00B3F572B1F42C4004323F2 /* Frameworks */ = {
			isa = PBXFrameworksBuildPhase;
			buildActionMask = 2147483647;
			files = (
			);
			runOnlyForDeploymentPostprocessing = 0;
		};
		C00B3F682B1F42C6004323F2 /* Frameworks */ = {
			isa = PBXFrameworksBuildPhase;
			buildActionMask = 2147483647;
			files = (
			);
			runOnlyForDeploymentPostprocessing = 0;
		};
		C00B3F722B1F42C6004323F2 /* Frameworks */ = {
			isa = PBXFrameworksBuildPhase;
			buildActionMask = 2147483647;
			files = (
			);
			runOnlyForDeploymentPostprocessing = 0;
		};
/* End PBXFrameworksBuildPhase section */

/* Begin PBXGroup section */
		C00B3F512B1F42C4004323F2 = {
			isa = PBXGroup;
			children = (
				C00B3F5C2B1F42C4004323F2 /* BasicStudy */,
				C00B3F6E2B1F42C6004323F2 /* BasicStudyTests */,
				C00B3F782B1F42C6004323F2 /* BasicStudyUITests */,
				C00B3F5B2B1F42C4004323F2 /* Products */,
			);
			sourceTree = "<group>";
		};
		C00B3F5B2B1F42C4004323F2 /* Products */ = {
			isa = PBXGroup;
			children = (
				C00B3F5A2B1F42C4004323F2 /* BasicStudy.app */,
				C00B3F6B2B1F42C6004323F2 /* BasicStudyTests.xctest */,
				C00B3F752B1F42C6004323F2 /* BasicStudyUITests.xctest */,
			);
			name = Products;
			sourceTree = "<group>";
		};
		C00B3F5C2B1F42C4004323F2 /* BasicStudy */ = {
			isa = PBXGroup;
			children = (
				C0DB1D022B22FEC1001B80CB /* Exception.swift */,
				C0DB1D032B22FEC1001B80CB /* Sample.swift */,
				C00B3F5D2B1F42C4004323F2 /* BasicStudyApp.swift */,
				C00B3F5F2B1F42C4004323F2 /* ContentView.swift */,
				C00B3F612B1F42C6004323F2 /* Assets.xcassets */,
				C00B3F662B1F42C6004323F2 /* BasicStudy.entitlements */,
				C00B3F632B1F42C6004323F2 /* Preview Content */,
				C03116652B209017006628F1 /* Elevator.swift */,
			);
			path = BasicStudy;
			sourceTree = "<group>";
		};
		C00B3F632B1F42C6004323F2 /* Preview Content */ = {
			isa = PBXGroup;
			children = (
				C00B3F642B1F42C6004323F2 /* Preview Assets.xcassets */,
			);
			path = "Preview Content";
			sourceTree = "<group>";
		};
		C00B3F6E2B1F42C6004323F2 /* BasicStudyTests */ = {
			isa = PBXGroup;
			children = (
				C00B3F6F2B1F42C6004323F2 /* BasicStudyTests.swift */,
			);
			path = BasicStudyTests;
			sourceTree = "<group>";
		};
		C00B3F782B1F42C6004323F2 /* BasicStudyUITests */ = {
			isa = PBXGroup;
			children = (
				C00B3F792B1F42C6004323F2 /* BasicStudyUITests.swift */,
				C00B3F7B2B1F42C6004323F2 /* BasicStudyUITestsLaunchTests.swift */,
			);
			path = BasicStudyUITests;
			sourceTree = "<group>";
		};
/* End PBXGroup section */

/* Begin PBXNativeTarget section */
		C00B3F592B1F42C4004323F2 /* BasicStudy */ = {
			isa = PBXNativeTarget;
			buildConfigurationList = C00B3F7F2B1F42C6004323F2 /* Build configuration list for PBXNativeTarget "BasicStudy" */;
			buildPhases = (
				C00B3F562B1F42C4004323F2 /* Sources */,
				C00B3F572B1F42C4004323F2 /* Frameworks */,
				C00B3F582B1F42C4004323F2 /* Resources */,
			);
			buildRules = (
			);
			dependencies = (
			);
			name = BasicStudy;
			productName = BasicStudy;
			productReference = C00B3F5A2B1F42C4004323F2 /* BasicStudy.app */;
			productType = "com.apple.product-type.application";
		};
		C00B3F6A2B1F42C6004323F2 /* BasicStudyTests */ = {
			isa = PBXNativeTarget;
			buildConfigurationList = C00B3F822B1F42C6004323F2 /* Build configuration list for PBXNativeTarget "BasicStudyTests" */;
			buildPhases = (
				C00B3F672B1F42C6004323F2 /* Sources */,
				C00B3F682B1F42C6004323F2 /* Frameworks */,
				C00B3F692B1F42C6004323F2 /* Resources */,
			);
			buildRules = (
			);
			dependencies = (
				C00B3F6D2B1F42C6004323F2 /* PBXTargetDependency */,
			);
			name = BasicStudyTests;
			productName = BasicStudyTests;
			productReference = C00B3F6B2B1F42C6004323F2 /* BasicStudyTests.xctest */;
			productType = "com.apple.product-type.bundle.unit-test";
		};
		C00B3F742B1F42C6004323F2 /* BasicStudyUITests */ = {
			isa = PBXNativeTarget;
			buildConfigurationList = C00B3F852B1F42C6004323F2 /* Build configuration list for PBXNativeTarget "BasicStudyUITests" */;
			buildPhases = (
				C00B3F712B1F42C6004323F2 /* Sources */,
				C00B3F722B1F42C6004323F2 /* Frameworks */,
				C00B3F732B1F42C6004323F2 /* Resources */,
			);
			buildRules = (
			);
			dependencies = (
				C00B3F772B1F42C6004323F2 /* PBXTargetDependency */,
			);
			name = BasicStudyUITests;
			productName = BasicStudyUITests;
			productReference = C00B3F752B1F42C6004323F2 /* BasicStudyUITests.xctest */;
			productType = "com.apple.product-type.bundle.ui-testing";
		};
/* End PBXNativeTarget section */

/* Begin PBXProject section */
		C00B3F522B1F42C4004323F2 /* Project object */ = {
			isa = PBXProject;
			attributes = {
				BuildIndependentTargetsInParallel = 1;
				LastSwiftUpdateCheck = 1500;
				LastUpgradeCheck = 1500;
				TargetAttributes = {
					C00B3F592B1F42C4004323F2 = {
						CreatedOnToolsVersion = 15.0.1;
					};
					C00B3F6A2B1F42C6004323F2 = {
						CreatedOnToolsVersion = 15.0.1;
						TestTargetID = C00B3F592B1F42C4004323F2;
					};
					C00B3F742B1F42C6004323F2 = {
						CreatedOnToolsVersion = 15.0.1;
						TestTargetID = C00B3F592B1F42C4004323F2;
					};
				};
			};
			buildConfigurationList = C00B3F552B1F42C4004323F2 /* Build configuration list for PBXProject "BasicStudy" */;
			compatibilityVersion = "Xcode 14.0";
			developmentRegion = en;
			hasScannedForEncodings = 0;
			knownRegions = (
				en,
				Base,
			);
			mainGroup = C00B3F512B1F42C4004323F2;
			productRefGroup = C00B3F5B2B1F42C4004323F2 /* Products */;
			projectDirPath = "";
			projectRoot = "";
			targets = (
				C00B3F592B1F42C4004323F2 /* BasicStudy */,
				C00B3F6A2B1F42C6004323F2 /* BasicStudyTests */,
				C00B3F742B1F42C6004323F2 /* BasicStudyUITests */,
			);
		};
/* End PBXProject section */

/* Begin PBXResourcesBuildPhase section */
		C00B3F582B1F42C4004323F2 /* Resources */ = {
			isa = PBXResourcesBuildPhase;
			buildActionMask = 2147483647;
			files = (
				C00B3F652B1F42C6004323F2 /* Preview Assets.xcassets in Resources */,
				C00B3F622B1F42C6004323F2 /* Assets.xcassets in Resources */,
			);
			runOnlyForDeploymentPostprocessing = 0;
		};
		C00B3F692B1F42C6004323F2 /* Resources */ = {
			isa = PBXResourcesBuildPhase;
			buildActionMask = 2147483647;
			files = (
			);
			runOnlyForDeploymentPostprocessing = 0;
		};
		C00B3F732B1F42C6004323F2 /* Resources */ = {
			isa = PBXResourcesBuildPhase;
			buildActionMask = 2147483647;
			files = (
			);
			runOnlyForDeploymentPostprocessing = 0;
		};
/* End PBXResourcesBuildPhase section */

/* Begin PBXSourcesBuildPhase section */
		C00B3F562B1F42C4004323F2 /* Sources */ = {
			isa = PBXSourcesBuildPhase;
			buildActionMask = 2147483647;
			files = (
				C00B3F602B1F42C4004323F2 /* ContentView.swift in Sources */,
				C0DB1D052B22FEC1001B80CB /* Sample.swift in Sources */,
				C0DB1D042B22FEC1001B80CB /* Exception.swift in Sources */,
				C00B3F5E2B1F42C4004323F2 /* BasicStudyApp.swift in Sources */,
				C03116662B209017006628F1 /* Elevator.swift in Sources */,
			);
			runOnlyForDeploymentPostprocessing = 0;
		};
		C00B3F672B1F42C6004323F2 /* Sources */ = {
			isa = PBXSourcesBuildPhase;
			buildActionMask = 2147483647;
			files = (
				C00B3F702B1F42C6004323F2 /* BasicStudyTests.swift in Sources */,
			);
			runOnlyForDeploymentPostprocessing = 0;
		};
		C00B3F712B1F42C6004323F2 /* Sources */ = {
			isa = PBXSourcesBuildPhase;
			buildActionMask = 2147483647;
			files = (
				C00B3F7A2B1F42C6004323F2 /* BasicStudyUITests.swift in Sources */,
				C00B3F7C2B1F42C6004323F2 /* BasicStudyUITestsLaunchTests.swift in Sources */,
			);
			runOnlyForDeploymentPostprocessing = 0;
		};
/* End PBXSourcesBuildPhase section */

/* Begin PBXTargetDependency section */
		C00B3F6D2B1F42C6004323F2 /* PBXTargetDependency */ = {
			isa = PBXTargetDependency;
			target = C00B3F592B1F42C4004323F2 /* BasicStudy */;
			targetProxy = C00B3F6C2B1F42C6004323F2 /* PBXContainerItemProxy */;
		};
		C00B3F772B1F42C6004323F2 /* PBXTargetDependency */ = {
			isa = PBXTargetDependency;
			target = C00B3F592B1F42C4004323F2 /* BasicStudy */;
			targetProxy = C00B3F762B1F42C6004323F2 /* PBXContainerItemProxy */;
		};
/* End PBXTargetDependency section */

/* Begin XCBuildConfiguration section */
		C00B3F7D2B1F42C6004323F2 /* Debug */ = {
			isa = XCBuildConfiguration;
			buildSettings = {
				ALWAYS_SEARCH_USER_PATHS = NO;
				ASSETCATALOG_COMPILER_GENERATE_SWIFT_ASSET_SYMBOL_EXTENSIONS = YES;
				CLANG_ANALYZER_NONNULL = YES;
				CLANG_ANALYZER_NUMBER_OBJECT_CONVERSION = YES_AGGRESSIVE;
				CLANG_CXX_LANGUAGE_STANDARD = "gnu++20";
				CLANG_ENABLE_MODULES = YES;
				CLANG_ENABLE_OBJC_ARC = YES;
				CLANG_ENABLE_OBJC_WEAK = YES;
				CLANG_WARN_BLOCK_CAPTURE_AUTORELEASING = YES;
				CLANG_WARN_BOOL_CONVERSION = YES;
				CLANG_WARN_COMMA = YES;
				CLANG_WARN_CONSTANT_CONVERSION = YES;
				CLANG_WARN_DEPRECATED_OBJC_IMPLEMENTATIONS = YES;
				CLANG_WARN_DIRECT_OBJC_ISA_USAGE = YES_ERROR;
				CLANG_WARN_DOCUMENTATION_COMMENTS = YES;
				CLANG_WARN_EMPTY_BODY = YES;
				CLANG_WARN_ENUM_CONVERSION = YES;
				CLANG_WARN_INFINITE_RECURSION = YES;
				CLANG_WARN_INT_CONVERSION = YES;
				CLANG_WARN_NON_LITERAL_NULL_CONVERSION = YES;
				CLANG_WARN_OBJC_IMPLICIT_RETAIN_SELF = YES;
				CLANG_WARN_OBJC_LITERAL_CONVERSION = YES;
				CLANG_WARN_OBJC_ROOT_CLASS = YES_ERROR;
				CLANG_WARN_QUOTED_INCLUDE_IN_FRAMEWORK_HEADER = YES;
				CLANG_WARN_RANGE_LOOP_ANALYSIS = YES;
				CLANG_WARN_STRICT_PROTOTYPES = YES;
				CLANG_WARN_SUSPICIOUS_MOVE = YES;
				CLANG_WARN_UNGUARDED_AVAILABILITY = YES_AGGRESSIVE;
				CLANG_WARN_UNREACHABLE_CODE = YES;
				CLANG_WARN__DUPLICATE_METHOD_MATCH = YES;
				COPY_PHASE_STRIP = NO;
				DEBUG_INFORMATION_FORMAT = dwarf;
				ENABLE_STRICT_OBJC_MSGSEND = YES;
				ENABLE_TESTABILITY = YES;
				ENABLE_USER_SCRIPT_SANDBOXING = YES;
				GCC_C_LANGUAGE_STANDARD = gnu17;
				GCC_DYNAMIC_NO_PIC = NO;
				GCC_NO_COMMON_BLOCKS = YES;
				GCC_OPTIMIZATION_LEVEL = 0;
				GCC_PREPROCESSOR_DEFINITIONS = (
					"DEBUG=1",
					"$(inherited)",
				);
				GCC_WARN_64_TO_32_BIT_CONVERSION = YES;
				GCC_WARN_ABOUT_RETURN_TYPE = YES_ERROR;
				GCC_WARN_UNDECLARED_SELECTOR = YES;
				GCC_WARN_UNINITIALIZED_AUTOS = YES_AGGRESSIVE;
				GCC_WARN_UNUSED_FUNCTION = YES;
				GCC_WARN_UNUSED_VARIABLE = YES;
				LOCALIZATION_PREFERS_STRING_CATALOGS = YES;
				MACOSX_DEPLOYMENT_TARGET = 14.0;
				MTL_ENABLE_DEBUG_INFO = INCLUDE_SOURCE;
				MTL_FAST_MATH = YES;
				ONLY_ACTIVE_ARCH = YES;
				SDKROOT = macosx;
				SWIFT_ACTIVE_COMPILATION_CONDITIONS = "DEBUG $(inherited)";
				SWIFT_OPTIMIZATION_LEVEL = "-Onone";
			};
			name = Debug;
		};
		C00B3F7E2B1F42C6004323F2 /* Release */ = {
			isa = XCBuildConfiguration;
			buildSettings = {
				ALWAYS_SEARCH_USER_PATHS = NO;
				ASSETCATALOG_COMPILER_GENERATE_SWIFT_ASSET_SYMBOL_EXTENSIONS = YES;
				CLANG_ANALYZER_NONNULL = YES;
				CLANG_ANALYZER_NUMBER_OBJECT_CONVERSION = YES_AGGRESSIVE;
				CLANG_CXX_LANGUAGE_STANDARD = "gnu++20";
				CLANG_ENABLE_MODULES = YES;
				CLANG_ENABLE_OBJC_ARC = YES;
				CLANG_ENABLE_OBJC_WEAK = YES;
				CLANG_WARN_BLOCK_CAPTURE_AUTORELEASING = YES;
				CLANG_WARN_BOOL_CONVERSION = YES;
				CLANG_WARN_COMMA = YES;
				CLANG_WARN_CONSTANT_CONVERSION = YES;
				CLANG_WARN_DEPRECATED_OBJC_IMPLEMENTATIONS = YES;
				CLANG_WARN_DIRECT_OBJC_ISA_USAGE = YES_ERROR;
				CLANG_WARN_DOCUMENTATION_COMMENTS = YES;
				CLANG_WARN_EMPTY_BODY = YES;
				CLANG_WARN_ENUM_CONVERSION = YES;
				CLANG_WARN_INFINITE_RECURSION = YES;
				CLANG_WARN_INT_CONVERSION = YES;
				CLANG_WARN_NON_LITERAL_NULL_CONVERSION = YES;
				CLANG_WARN_OBJC_IMPLICIT_RETAIN_SELF = YES;
				CLANG_WARN_OBJC_LITERAL_CONVERSION = YES;
				CLANG_WARN_OBJC_ROOT_CLASS = YES_ERROR;
				CLANG_WARN_QUOTED_INCLUDE_IN_FRAMEWORK_HEADER = YES;
				CLANG_WARN_RANGE_LOOP_ANALYSIS = YES;
				CLANG_WARN_STRICT_PROTOTYPES = YES;
				CLANG_WARN_SUSPICIOUS_MOVE = YES;
				CLANG_WARN_UNGUARDED_AVAILABILITY = YES_AGGRESSIVE;
				CLANG_WARN_UNREACHABLE_CODE = YES;
				CLANG_WARN__DUPLICATE_METHOD_MATCH = YES;
				COPY_PHASE_STRIP = NO;
				DEBUG_INFORMATION_FORMAT = "dwarf-with-dsym";
				ENABLE_NS_ASSERTIONS = NO;
				ENABLE_STRICT_OBJC_MSGSEND = YES;
				ENABLE_USER_SCRIPT_SANDBOXING = YES;
				GCC_C_LANGUAGE_STANDARD = gnu17;
				GCC_NO_COMMON_BLOCKS = YES;
				GCC_WARN_64_TO_32_BIT_CONVERSION = YES;
				GCC_WARN_ABOUT_RETURN_TYPE = YES_ERROR;
				GCC_WARN_UNDECLARED_SELECTOR = YES;
				GCC_WARN_UNINITIALIZED_AUTOS = YES_AGGRESSIVE;
				GCC_WARN_UNUSED_FUNCTION = YES;
				GCC_WARN_UNUSED_VARIABLE = YES;
				LOCALIZATION_PREFERS_STRING_CATALOGS = YES;
				MACOSX_DEPLOYMENT_TARGET = 14.0;
				MTL_ENABLE_DEBUG_INFO = NO;
				MTL_FAST_MATH = YES;
				SDKROOT = macosx;
				SWIFT_COMPILATION_MODE = wholemodule;
			};
			name = Release;
		};
		C00B3F802B1F42C6004323F2 /* Debug */ = {
			isa = XCBuildConfiguration;
			buildSettings = {
				ASSETCATALOG_COMPILER_APPICON_NAME = AppIcon;
				ASSETCATALOG_COMPILER_GLOBAL_ACCENT_COLOR_NAME = AccentColor;
				CODE_SIGN_ENTITLEMENTS = BasicStudy/BasicStudy.entitlements;
				CODE_SIGN_STYLE = Automatic;
				COMBINE_HIDPI_IMAGES = YES;
				CURRENT_PROJECT_VERSION = 1;
				DEVELOPMENT_ASSET_PATHS = "\"BasicStudy/Preview Content\"";
				DEVELOPMENT_TEAM = 62BCLQNF78;
				ENABLE_HARDENED_RUNTIME = YES;
				ENABLE_PREVIEWS = YES;
				GENERATE_INFOPLIST_FILE = YES;
				INFOPLIST_KEY_NSHumanReadableCopyright = "";
				LD_RUNPATH_SEARCH_PATHS = (
					"$(inherited)",
					"@executable_path/../Frameworks",
				);
				MARKETING_VERSION = 1.0;
				PRODUCT_BUNDLE_IDENTIFIER = com.kgc.BasicStudy;
				PRODUCT_NAME = "$(TARGET_NAME)";
				SUPPORTED_PLATFORMS = "iphoneos iphonesimulator";
				SUPPORTS_MACCATALYST = NO;
				SWIFT_EMIT_LOC_STRINGS = YES;
				SWIFT_VERSION = 5.0;
				TARGETED_DEVICE_FAMILY = 1;
			};
			name = Debug;
		};
		C00B3F812B1F42C6004323F2 /* Release */ = {
			isa = XCBuildConfiguration;
			buildSettings = {
				ASSETCATALOG_COMPILER_APPICON_NAME = AppIcon;
				ASSETCATALOG_COMPILER_GLOBAL_ACCENT_COLOR_NAME = AccentColor;
				CODE_SIGN_ENTITLEMENTS = BasicStudy/BasicStudy.entitlements;
				CODE_SIGN_STYLE = Automatic;
				COMBINE_HIDPI_IMAGES = YES;
				CURRENT_PROJECT_VERSION = 1;
				DEVELOPMENT_ASSET_PATHS = "\"BasicStudy/Preview Content\"";
				DEVELOPMENT_TEAM = 62BCLQNF78;
				ENABLE_HARDENED_RUNTIME = YES;
				ENABLE_PREVIEWS = YES;
				GENERATE_INFOPLIST_FILE = YES;
				INFOPLIST_KEY_NSHumanReadableCopyright = "";
				LD_RUNPATH_SEARCH_PATHS = (
					"$(inherited)",
					"@executable_path/../Frameworks",
				);
				MARKETING_VERSION = 1.0;
				PRODUCT_BUNDLE_IDENTIFIER = com.kgc.BasicStudy;
				PRODUCT_NAME = "$(TARGET_NAME)";
				SUPPORTED_PLATFORMS = "iphoneos iphonesimulator";
				SUPPORTS_MACCATALYST = NO;
				SWIFT_EMIT_LOC_STRINGS = YES;
				SWIFT_VERSION = 5.0;
				TARGETED_DEVICE_FAMILY = 1;
			};
			name = Release;
		};
		C00B3F832B1F42C6004323F2 /* Debug */ = {
			isa = XCBuildConfiguration;
			buildSettings = {
				ALWAYS_EMBED_SWIFT_STANDARD_LIBRARIES = YES;
				BUNDLE_LOADER = "$(TEST_HOST)";
				CODE_SIGN_STYLE = Automatic;
				CURRENT_PROJECT_VERSION = 1;
				DEVELOPMENT_TEAM = 62BCLQNF78;
				GENERATE_INFOPLIST_FILE = YES;
				MACOSX_DEPLOYMENT_TARGET = 14.0;
				MARKETING_VERSION = 1.0;
				PRODUCT_BUNDLE_IDENTIFIER = com.kgc.BasicStudyTests;
				PRODUCT_NAME = "$(TARGET_NAME)";
				SWIFT_EMIT_LOC_STRINGS = NO;
				SWIFT_VERSION = 5.0;
				TEST_HOST = "$(BUILT_PRODUCTS_DIR)/BasicStudy.app/$(BUNDLE_EXECUTABLE_FOLDER_PATH)/BasicStudy";
			};
			name = Debug;
		};
		C00B3F842B1F42C6004323F2 /* Release */ = {
			isa = XCBuildConfiguration;
			buildSettings = {
				ALWAYS_EMBED_SWIFT_STANDARD_LIBRARIES = YES;
				BUNDLE_LOADER = "$(TEST_HOST)";
				CODE_SIGN_STYLE = Automatic;
				CURRENT_PROJECT_VERSION = 1;
				DEVELOPMENT_TEAM = 62BCLQNF78;
				GENERATE_INFOPLIST_FILE = YES;
				MACOSX_DEPLOYMENT_TARGET = 14.0;
				MARKETING_VERSION = 1.0;
				PRODUCT_BUNDLE_IDENTIFIER = com.kgc.BasicStudyTests;
				PRODUCT_NAME = "$(TARGET_NAME)";
				SWIFT_EMIT_LOC_STRINGS = NO;
				SWIFT_VERSION = 5.0;
				TEST_HOST = "$(BUILT_PRODUCTS_DIR)/BasicStudy.app/$(BUNDLE_EXECUTABLE_FOLDER_PATH)/BasicStudy";
			};
			name = Release;
		};
		C00B3F862B1F42C6004323F2 /* Debug */ = {
			isa = XCBuildConfiguration;
			buildSettings = {
				ALWAYS_EMBED_SWIFT_STANDARD_LIBRARIES = YES;
				CODE_SIGN_STYLE = Automatic;
				CURRENT_PROJECT_VERSION = 1;
				DEVELOPMENT_TEAM = 62BCLQNF78;
				GENERATE_INFOPLIST_FILE = YES;
				MARKETING_VERSION = 1.0;
				PRODUCT_BUNDLE_IDENTIFIER = com.kgc.BasicStudyUITests;
				PRODUCT_NAME = "$(TARGET_NAME)";
				SWIFT_EMIT_LOC_STRINGS = NO;
				SWIFT_VERSION = 5.0;
				TEST_TARGET_NAME = BasicStudy;
			};
			name = Debug;
		};
		C00B3F872B1F42C6004323F2 /* Release */ = {
			isa = XCBuildConfiguration;
			buildSettings = {
				ALWAYS_EMBED_SWIFT_STANDARD_LIBRARIES = YES;
				CODE_SIGN_STYLE = Automatic;
				CURRENT_PROJECT_VERSION = 1;
				DEVELOPMENT_TEAM = 62BCLQNF78;
				GENERATE_INFOPLIST_FILE = YES;
				MARKETING_VERSION = 1.0;
				PRODUCT_BUNDLE_IDENTIFIER = com.kgc.BasicStudyUITests;
				PRODUCT_NAME = "$(TARGET_NAME)";
				SWIFT_EMIT_LOC_STRINGS = NO;
				SWIFT_VERSION = 5.0;
				TEST_TARGET_NAME = BasicStudy;
			};
			name = Release;
		};
/* End XCBuildConfiguration section */

/* Begin XCConfigurationList section */
		C00B3F552B1F42C4004323F2 /* Build configuration list for PBXProject "BasicStudy" */ = {
			isa = XCConfigurationList;
			buildConfigurations = (
				C00B3F7D2B1F42C6004323F2 /* Debug */,
				C00B3F7E2B1F42C6004323F2 /* Release */,
			);
			defaultConfigurationIsVisible = 0;
			defaultConfigurationName = Release;
		};
		C00B3F7F2B1F42C6004323F2 /* Build configuration list for PBXNativeTarget "BasicStudy" */ = {
			isa = XCConfigurationList;
			buildConfigurations = (
				C00B3F802B1F42C6004323F2 /* Debug */,
				C00B3F812B1F42C6004323F2 /* Release */,
			);
			defaultConfigurationIsVisible = 0;
			defaultConfigurationName = Release;
		};
		C00B3F822B1F42C6004323F2 /* Build configuration list for PBXNativeTarget "BasicStudyTests" */ = {
			isa = XCConfigurationList;
			buildConfigurations = (
				C00B3F832B1F42C6004323F2 /* Debug */,
				C00B3F842B1F42C6004323F2 /* Release */,
			);
			defaultConfigurationIsVisible = 0;
			defaultConfigurationName = Release;
		};
		C00B3F852B1F42C6004323F2 /* Build configuration list for PBXNativeTarget "BasicStudyUITests" */ = {
			isa = XCConfigurationList;
			buildConfigurations = (
				C00B3F862B1F42C6004323F2 /* Debug */,
				C00B3F872B1F42C6004323F2 /* Release */,
			);
			defaultConfigurationIsVisible = 0;
			defaultConfigurationName = Release;
		};
/* End XCConfigurationList section */
	};
	rootObject = C00B3F522B1F42C4004323F2 /* Project object */;
}
